Microsoft Visual Studio Solution File, Format Version 12.00
# Visual Studio 15
VisualStudioVersion = 15.0.26730.10
MinimumVisualStudioVersion = 10.0.40219.1
Project("{9A19103F-16F7-4668-BE54-9A1E7A4F7556}") = "Apache-NMS-AMQP", "src\NMS.AMQP\Apache-NMS-AMQP.csproj", "{0D8CF699-9702-4EC6-8719-C2968D32F09A}"
EndProject
Project("{9A19103F-16F7-4668-BE54-9A1E7A4F7556}") = "HelloWorld", "src\HelloWorld\HelloWorld.csproj", "{A56349BE-ED66-4E18-B5FE-E3EA069D2ADD}"
EndProject
Project("{9A19103F-16F7-4668-BE54-9A1E7A4F7556}") = "Apache-NMS-AMQP-Test", "test\Apache-NMS-AMQP-Test.csproj", "{DF402917-D85D-421C-A7E2-DC3DF371B9CB}"
	ProjectSection(ProjectDependencies) = postProject
		{0D8CF699-9702-4EC6-8719-C2968D32F09A} = {0D8CF699-9702-4EC6-8719-C2968D32F09A}
	EndProjectSection
EndProject
Project("{9A19103F-16F7-4668-BE54-9A1E7A4F7556}") = "StructuredMessage", "src\StructuredMessage\StructuredMessage.csproj", "{08936343-AA11-4409-9599-06762070CF82}"
EndProject
Global
	GlobalSection(SolutionConfigurationPlatforms) = preSolution
		Debug|Any CPU = Debug|Any CPU
		Debug|x64 = Debug|x64
		Debug|x86 = Debug|x86
		Release|Any CPU = Release|Any CPU
		Release|x64 = Release|x64
		Release|x86 = Release|x86
	EndGlobalSection
	GlobalSection(ProjectConfigurationPlatforms) = postSolution
		{0D8CF699-9702-4EC6-8719-C2968D32F09A}.Debug|Any CPU.ActiveCfg = Debug|Any CPU
		{0D8CF699-9702-4EC6-8719-C2968D32F09A}.Debug|Any CPU.Build.0 = Debug|Any CPU
		{0D8CF699-9702-4EC6-8719-C2968D32F09A}.Debug|x64.ActiveCfg = Debug|Any CPU
		{0D8CF699-9702-4EC6-8719-C2968D32F09A}.Debug|x64.Build.0 = Debug|Any CPU
		{0D8CF699-9702-4EC6-8719-C2968D32F09A}.Debug|x86.ActiveCfg = Debug|Any CPU
		{0D8CF699-9702-4EC6-8719-C2968D32F09A}.Debug|x86.Build.0 = Debug|Any CPU
		{0D8CF699-9702-4EC6-8719-C2968D32F09A}.Release|Any CPU.ActiveCfg = Release|Any CPU
		{0D8CF699-9702-4EC6-8719-C2968D32F09A}.Release|Any CPU.Build.0 = Release|Any CPU
		{0D8CF699-9702-4EC6-8719-C2968D32F09A}.Release|x64.ActiveCfg = Release|Any CPU
		{0D8CF699-9702-4EC6-8719-C2968D32F09A}.Release|x64.Build.0 = Release|Any CPU
		{0D8CF699-9702-4EC6-8719-C2968D32F09A}.Release|x86.ActiveCfg = Release|Any CPU
		{0D8CF699-9702-4EC6-8719-C2968D32F09A}.Release|x86.Build.0 = Release|Any CPU
		{A56349BE-ED66-4E18-B5FE-E3EA069D2ADD}.Debug|Any CPU.ActiveCfg = Debug|Any CPU
		{A56349BE-ED66-4E18-B5FE-E3EA069D2ADD}.Debug|Any CPU.Build.0 = Debug|Any CPU
		{A56349BE-ED66-4E18-B5FE-E3EA069D2ADD}.Debug|x64.ActiveCfg = Debug|Any CPU
		{A56349BE-ED66-4E18-B5FE-E3EA069D2ADD}.Debug|x64.Build.0 = Debug|Any CPU
		{A56349BE-ED66-4E18-B5FE-E3EA069D2ADD}.Debug|x86.ActiveCfg = Debug|Any CPU
		{A56349BE-ED66-4E18-B5FE-E3EA069D2ADD}.Debug|x86.Build.0 = Debug|Any CPU
		{A56349BE-ED66-4E18-B5FE-E3EA069D2ADD}.Release|Any CPU.ActiveCfg = Release|Any CPU
		{A56349BE-ED66-4E18-B5FE-E3EA069D2ADD}.Release|Any CPU.Build.0 = Release|Any CPU
		{A56349BE-ED66-4E18-B5FE-E3EA069D2ADD}.Release|x64.ActiveCfg = Release|Any CPU
		{A56349BE-ED66-4E18-B5FE-E3EA069D2ADD}.Release|x64.Build.0 = Release|Any CPU
		{A56349BE-ED66-4E18-B5FE-E3EA069D2ADD}.Release|x86.ActiveCfg = Release|Any CPU
		{A56349BE-ED66-4E18-B5FE-E3EA069D2ADD}.Release|x86.Build.0 = Release|Any CPU
		{DF402917-D85D-421C-A7E2-DC3DF371B9CB}.Debug|Any CPU.ActiveCfg = Debug|Any CPU
		{DF402917-D85D-421C-A7E2-DC3DF371B9CB}.Debug|Any CPU.Build.0 = Debug|Any CPU
		{DF402917-D85D-421C-A7E2-DC3DF371B9CB}.Debug|x64.ActiveCfg = Debug|Any CPU
		{DF402917-D85D-421C-A7E2-DC3DF371B9CB}.Debug|x64.Build.0 = Debug|Any CPU
		{DF402917-D85D-421C-A7E2-DC3DF371B9CB}.Debug|x86.ActiveCfg = Debug|Any CPU
		{DF402917-D85D-421C-A7E2-DC3DF371B9CB}.Debug|x86.Build.0 = Debug|Any CPU
		{DF402917-D85D-421C-A7E2-DC3DF371B9CB}.Release|Any CPU.ActiveCfg = Release|Any CPU
		{DF402917-D85D-421C-A7E2-DC3DF371B9CB}.Release|Any CPU.Build.0 = Release|Any CPU
		{DF402917-D85D-421C-A7E2-DC3DF371B9CB}.Release|x64.ActiveCfg = Release|Any CPU
		{DF402917-D85D-421C-A7E2-DC3DF371B9CB}.Release|x64.Build.0 = Release|Any CPU
		{DF402917-D85D-421C-A7E2-DC3DF371B9CB}.Release|x86.ActiveCfg = Release|Any CPU
		{DF402917-D85D-421C-A7E2-DC3DF371B9CB}.Release|x86.Build.0 = Release|Any CPU
		{08936343-AA11-4409-9599-06762070CF82}.Debug|Any CPU.ActiveCfg = Debug|Any CPU
		{08936343-AA11-4409-9599-06762070CF82}.Debug|Any CPU.Build.0 = Debug|Any CPU
		{08936343-AA11-4409-9599-06762070CF82}.Debug|x64.ActiveCfg = Debug|Any CPU
		{08936343-AA11-4409-9599-06762070CF82}.Debug|x64.Build.0 = Debug|Any CPU
		{08936343-AA11-4409-9599-06762070CF82}.Debug|x86.ActiveCfg = Debug|Any CPU
		{08936343-AA11-4409-9599-06762070CF82}.Debug|x86.Build.0 = Debug|Any CPU
		{08936343-AA11-4409-9599-06762070CF82}.Release|Any CPU.ActiveCfg = Release|Any CPU
		{08936343-AA11-4409-9599-06762070CF82}.Release|Any CPU.Build.0 = Release|Any CPU
		{08936343-AA11-4409-9599-06762070CF82}.Release|x64.ActiveCfg = Release|Any CPU
		{08936343-AA11-4409-9599-06762070CF82}.Release|x64.Build.0 = Release|Any CPU
		{08936343-AA11-4409-9599-06762070CF82}.Release|x86.ActiveCfg = Release|Any CPU
		{08936343-AA11-4409-9599-06762070CF82}.Release|x86.Build.0 = Release|Any CPU
	EndGlobalSection
	GlobalSection(SolutionProperties) = preSolution
		HideSolutionNode = FALSE
	EndGlobalSection
	GlobalSection(ExtensibilityGlobals) = postSolution
		SolutionGuid = {B29AB696-17A9-4B32-AA26-D354C00C9587}
	EndGlobalSection
EndGlobal
