Microsoft Visual Studio Solution File, Format Version 12.00
# Visual Studio Version 16
VisualStudioVersion = 16.0.28922.388
MinimumVisualStudioVersion = 10.0.40219.1
Project("{9A19103F-16F7-4668-BE54-9A1E7A4F7556}") = "Apache-NMS-AMQP", "src\NMS.AMQP\Apache-NMS-AMQP.csproj", "{0D8CF699-9702-4EC6-8719-C2968D32F09A}"
EndProject
Project("{9A19103F-16F7-4668-BE54-9A1E7A4F7556}") = "HelloWorld", "src\HelloWorld\HelloWorld.csproj", "{A56349BE-ED66-4E18-B5FE-E3EA069D2ADD}"
EndProject
Project("{9A19103F-16F7-4668-BE54-9A1E7A4F7556}") = "Apache-NMS-AMQP-Test", "test\Apache-NMS-AMQP-Test\Apache-NMS-AMQP-Test.csproj", "{DF402917-D85D-421C-A7E2-DC3DF371B9CB}"
	ProjectSection(ProjectDependencies) = postProject
		{0D8CF699-9702-4EC6-8719-C2968D32F09A} = {0D8CF699-9702-4EC6-8719-C2968D32F09A}
	EndProjectSection
EndProject
Project("{9A19103F-16F7-4668-BE54-9A1E7A4F7556}") = "StructuredMessage", "src\StructuredMessage\StructuredMessage.csproj", "{08936343-AA11-4409-9599-06762070CF82}"
EndProject
Project("{2150E333-8FDC-42A3-9474-1A3956D46DE8}") = "examples", "examples", "{19D7C0B5-0D2B-4459-BE75-6DD353857B28}"
EndProject
Project("{FAE04EC0-301F-11D3-BF4B-00C04F79EFBC}") = "Transactions", "src\Transactions\Transactions.csproj", "{846D7B8A-49F5-408E-9189-402F4A90912D}"
EndProject
Project("{FAE04EC0-301F-11D3-BF4B-00C04F79EFBC}") = "Apache-NMS-AMQP-Interop-Test", "test\Apache-NMS-AMQP-Interop-Test\Apache-NMS-AMQP-Interop-Test.csproj", "{E5D009CB-7DDD-4C49-B7EB-361D42D0BF14}"
EndProject
Project("{2150E333-8FDC-42A3-9474-1A3956D46DE8}") = "benchmark", "benchmark", "{C0489CE7-BB93-48A6-A136-26FA942DB990}"
EndProject
Project("{FAE04EC0-301F-11D3-BF4B-00C04F79EFBC}") = "PingPong", "src\PingPong\PingPong.csproj", "{CA6094FA-B615-47E6-A5D5-224BE62CDF70}"
EndProject
Global
	GlobalSection(SolutionConfigurationPlatforms) = preSolution
		Debug|Any CPU = Debug|Any CPU
		Debug|x64 = Debug|x64
		Debug|x86 = Debug|x86
		Release|Any CPU = Release|Any CPU
		Release|x64 = Release|x64
		Release|x86 = Release|x86
	EndGlobalSection
	GlobalSection(ProjectConfigurationPlatforms) = postSolution
		{0D8CF699-9702-4EC6-8719-C2968D32F09A}.Debug|Any CPU.ActiveCfg = Debug|Any CPU
		{0D8CF699-9702-4EC6-8719-C2968D32F09A}.Debug|Any CPU.Build.0 = Debug|Any CPU
		{0D8CF699-9702-4EC6-8719-C2968D32F09A}.Debug|x64.ActiveCfg = Debug|Any CPU
		{0D8CF699-9702-4EC6-8719-C2968D32F09A}.Debug|x64.Build.0 = Debug|Any CPU
		{0D8CF699-9702-4EC6-8719-C2968D32F09A}.Debug|x86.ActiveCfg = Debug|Any CPU
		{0D8CF699-9702-4EC6-8719-C2968D32F09A}.Debug|x86.Build.0 = Debug|Any CPU
		{0D8CF699-9702-4EC6-8719-C2968D32F09A}.Release|Any CPU.ActiveCfg = Release|Any CPU
		{0D8CF699-9702-4EC6-8719-C2968D32F09A}.Release|Any CPU.Build.0 = Release|Any CPU
		{0D8CF699-9702-4EC6-8719-C2968D32F09A}.Release|x64.ActiveCfg = Release|Any CPU
		{0D8CF699-9702-4EC6-8719-C2968D32F09A}.Release|x64.Build.0 = Release|Any CPU
		{0D8CF699-9702-4EC6-8719-C2968D32F09A}.Release|x86.ActiveCfg = Release|Any CPU
		{0D8CF699-9702-4EC6-8719-C2968D32F09A}.Release|x86.Build.0 = Release|Any CPU
		{A56349BE-ED66-4E18-B5FE-E3EA069D2ADD}.Debug|Any CPU.ActiveCfg = Debug|Any CPU
		{A56349BE-ED66-4E18-B5FE-E3EA069D2ADD}.Debug|Any CPU.Build.0 = Debug|Any CPU
		{A56349BE-ED66-4E18-B5FE-E3EA069D2ADD}.Debug|x64.ActiveCfg = Debug|Any CPU
		{A56349BE-ED66-4E18-B5FE-E3EA069D2ADD}.Debug|x64.Build.0 = Debug|Any CPU
		{A56349BE-ED66-4E18-B5FE-E3EA069D2ADD}.Debug|x86.ActiveCfg = Debug|Any CPU
		{A56349BE-ED66-4E18-B5FE-E3EA069D2ADD}.Debug|x86.Build.0 = Debug|Any CPU
		{A56349BE-ED66-4E18-B5FE-E3EA069D2ADD}.Release|Any CPU.ActiveCfg = Release|Any CPU
		{A56349BE-ED66-4E18-B5FE-E3EA069D2ADD}.Release|Any CPU.Build.0 = Release|Any CPU
		{A56349BE-ED66-4E18-B5FE-E3EA069D2ADD}.Release|x64.ActiveCfg = Release|Any CPU
		{A56349BE-ED66-4E18-B5FE-E3EA069D2ADD}.Release|x64.Build.0 = Release|Any CPU
		{A56349BE-ED66-4E18-B5FE-E3EA069D2ADD}.Release|x86.ActiveCfg = Release|Any CPU
		{A56349BE-ED66-4E18-B5FE-E3EA069D2ADD}.Release|x86.Build.0 = Release|Any CPU
		{DF402917-D85D-421C-A7E2-DC3DF371B9CB}.Debug|Any CPU.ActiveCfg = Debug|Any CPU
		{DF402917-D85D-421C-A7E2-DC3DF371B9CB}.Debug|Any CPU.Build.0 = Debug|Any CPU
		{DF402917-D85D-421C-A7E2-DC3DF371B9CB}.Debug|x64.ActiveCfg = Debug|Any CPU
		{DF402917-D85D-421C-A7E2-DC3DF371B9CB}.Debug|x64.Build.0 = Debug|Any CPU
		{DF402917-D85D-421C-A7E2-DC3DF371B9CB}.Debug|x86.ActiveCfg = Debug|Any CPU
		{DF402917-D85D-421C-A7E2-DC3DF371B9CB}.Debug|x86.Build.0 = Debug|Any CPU
		{DF402917-D85D-421C-A7E2-DC3DF371B9CB}.Release|Any CPU.ActiveCfg = Release|Any CPU
		{DF402917-D85D-421C-A7E2-DC3DF371B9CB}.Release|Any CPU.Build.0 = Release|Any CPU
		{DF402917-D85D-421C-A7E2-DC3DF371B9CB}.Release|x64.ActiveCfg = Release|Any CPU
		{DF402917-D85D-421C-A7E2-DC3DF371B9CB}.Release|x64.Build.0 = Release|Any CPU
		{DF402917-D85D-421C-A7E2-DC3DF371B9CB}.Release|x86.ActiveCfg = Release|Any CPU
		{DF402917-D85D-421C-A7E2-DC3DF371B9CB}.Release|x86.Build.0 = Release|Any CPU
		{08936343-AA11-4409-9599-06762070CF82}.Debug|Any CPU.ActiveCfg = Debug|Any CPU
		{08936343-AA11-4409-9599-06762070CF82}.Debug|Any CPU.Build.0 = Debug|Any CPU
		{08936343-AA11-4409-9599-06762070CF82}.Debug|x64.ActiveCfg = Debug|Any CPU
		{08936343-AA11-4409-9599-06762070CF82}.Debug|x64.Build.0 = Debug|Any CPU
		{08936343-AA11-4409-9599-06762070CF82}.Debug|x86.ActiveCfg = Debug|Any CPU
		{08936343-AA11-4409-9599-06762070CF82}.Debug|x86.Build.0 = Debug|Any CPU
		{08936343-AA11-4409-9599-06762070CF82}.Release|Any CPU.ActiveCfg = Release|Any CPU
		{08936343-AA11-4409-9599-06762070CF82}.Release|Any CPU.Build.0 = Release|Any CPU
		{08936343-AA11-4409-9599-06762070CF82}.Release|x64.ActiveCfg = Release|Any CPU
		{08936343-AA11-4409-9599-06762070CF82}.Release|x64.Build.0 = Release|Any CPU
		{08936343-AA11-4409-9599-06762070CF82}.Release|x86.ActiveCfg = Release|Any CPU
		{08936343-AA11-4409-9599-06762070CF82}.Release|x86.Build.0 = Release|Any CPU
		{846D7B8A-49F5-408E-9189-402F4A90912D}.Debug|Any CPU.ActiveCfg = Debug|Any CPU
		{846D7B8A-49F5-408E-9189-402F4A90912D}.Debug|Any CPU.Build.0 = Debug|Any CPU
		{846D7B8A-49F5-408E-9189-402F4A90912D}.Debug|x64.ActiveCfg = Debug|Any CPU
		{846D7B8A-49F5-408E-9189-402F4A90912D}.Debug|x64.Build.0 = Debug|Any CPU
		{846D7B8A-49F5-408E-9189-402F4A90912D}.Debug|x86.ActiveCfg = Debug|Any CPU
		{846D7B8A-49F5-408E-9189-402F4A90912D}.Debug|x86.Build.0 = Debug|Any CPU
		{846D7B8A-49F5-408E-9189-402F4A90912D}.Release|Any CPU.ActiveCfg = Release|Any CPU
		{846D7B8A-49F5-408E-9189-402F4A90912D}.Release|Any CPU.Build.0 = Release|Any CPU
		{846D7B8A-49F5-408E-9189-402F4A90912D}.Release|x64.ActiveCfg = Release|Any CPU
		{846D7B8A-49F5-408E-9189-402F4A90912D}.Release|x64.Build.0 = Release|Any CPU
		{846D7B8A-49F5-408E-9189-402F4A90912D}.Release|x86.ActiveCfg = Release|Any CPU
		{846D7B8A-49F5-408E-9189-402F4A90912D}.Release|x86.Build.0 = Release|Any CPU
		{E5D009CB-7DDD-4C49-B7EB-361D42D0BF14}.Debug|Any CPU.ActiveCfg = Debug|Any CPU
		{E5D009CB-7DDD-4C49-B7EB-361D42D0BF14}.Debug|Any CPU.Build.0 = Debug|Any CPU
		{E5D009CB-7DDD-4C49-B7EB-361D42D0BF14}.Debug|x64.ActiveCfg = Debug|Any CPU
		{E5D009CB-7DDD-4C49-B7EB-361D42D0BF14}.Debug|x64.Build.0 = Debug|Any CPU
		{E5D009CB-7DDD-4C49-B7EB-361D42D0BF14}.Debug|x86.ActiveCfg = Debug|Any CPU
		{E5D009CB-7DDD-4C49-B7EB-361D42D0BF14}.Debug|x86.Build.0 = Debug|Any CPU
		{E5D009CB-7DDD-4C49-B7EB-361D42D0BF14}.Release|Any CPU.ActiveCfg = Release|Any CPU
		{E5D009CB-7DDD-4C49-B7EB-361D42D0BF14}.Release|Any CPU.Build.0 = Release|Any CPU
		{E5D009CB-7DDD-4C49-B7EB-361D42D0BF14}.Release|x64.ActiveCfg = Release|Any CPU
		{E5D009CB-7DDD-4C49-B7EB-361D42D0BF14}.Release|x64.Build.0 = Release|Any CPU
		{E5D009CB-7DDD-4C49-B7EB-361D42D0BF14}.Release|x86.ActiveCfg = Release|Any CPU
		{E5D009CB-7DDD-4C49-B7EB-361D42D0BF14}.Release|x86.Build.0 = Release|Any CPU
		{CA6094FA-B615-47E6-A5D5-224BE62CDF70}.Debug|Any CPU.ActiveCfg = Debug|Any CPU
		{CA6094FA-B615-47E6-A5D5-224BE62CDF70}.Debug|Any CPU.Build.0 = Debug|Any CPU
		{CA6094FA-B615-47E6-A5D5-224BE62CDF70}.Debug|x64.ActiveCfg = Debug|Any CPU
		{CA6094FA-B615-47E6-A5D5-224BE62CDF70}.Debug|x64.Build.0 = Debug|Any CPU
		{CA6094FA-B615-47E6-A5D5-224BE62CDF70}.Debug|x86.ActiveCfg = Debug|Any CPU
		{CA6094FA-B615-47E6-A5D5-224BE62CDF70}.Debug|x86.Build.0 = Debug|Any CPU
		{CA6094FA-B615-47E6-A5D5-224BE62CDF70}.Release|Any CPU.ActiveCfg = Release|Any CPU
		{CA6094FA-B615-47E6-A5D5-224BE62CDF70}.Release|Any CPU.Build.0 = Release|Any CPU
		{CA6094FA-B615-47E6-A5D5-224BE62CDF70}.Release|x64.ActiveCfg = Release|Any CPU
		{CA6094FA-B615-47E6-A5D5-224BE62CDF70}.Release|x64.Build.0 = Release|Any CPU
		{CA6094FA-B615-47E6-A5D5-224BE62CDF70}.Release|x86.ActiveCfg = Release|Any CPU
		{CA6094FA-B615-47E6-A5D5-224BE62CDF70}.Release|x86.Build.0 = Release|Any CPU
	EndGlobalSection
	GlobalSection(SolutionProperties) = preSolution
		HideSolutionNode = FALSE
	EndGlobalSection
	GlobalSection(ExtensibilityGlobals) = postSolution
		SolutionGuid = {B29AB696-17A9-4B32-AA26-D354C00C9587}
	EndGlobalSection
	GlobalSection(NestedProjects) = preSolution
		{A56349BE-ED66-4E18-B5FE-E3EA069D2ADD} = {19D7C0B5-0D2B-4459-BE75-6DD353857B28}
		{08936343-AA11-4409-9599-06762070CF82} = {19D7C0B5-0D2B-4459-BE75-6DD353857B28}
		{846D7B8A-49F5-408E-9189-402F4A90912D} = {19D7C0B5-0D2B-4459-BE75-6DD353857B28}
		{CA6094FA-B615-47E6-A5D5-224BE62CDF70} = {C0489CE7-BB93-48A6-A136-26FA942DB990}
	EndGlobalSection
EndGlobal
