
Microsoft Visual Studio Solution File, Format Version 11.00
# Visual Studio 2010
Project("{FAE04EC0-301F-11D3-BF4B-00C04F79EFBC}") = "vs2010-amqp", "vs2010-amqp.csproj", "{5E1E5956-2AC0-4134-BA91-CE3A13268432}"
EndProject
Project("{F1F98A1F-7408-4B74-AD3A-B5C9997F6DC3}") = "vs2010-amqp-test", "vs2010-amqp-test.csproj", "{E7A4FA3E-6106-470C-99A6-B59C8340F7DB}"
EndProject
Global
	GlobalSection(SolutionConfigurationPlatforms) = preSolution
		Debug|Any CPU = Debug|Any CPU
		Release|Any CPU = Release|Any CPU
	EndGlobalSection
	GlobalSection(ProjectConfigurationPlatforms) = postSolution
		{5E1E5956-2AC0-4134-BA91-CE3A13268432}.Debug|Any CPU.ActiveCfg = Debug|Any CPU
		{5E1E5956-2AC0-4134-BA91-CE3A13268432}.Debug|Any CPU.Build.0 = Debug|Any CPU
		{5E1E5956-2AC0-4134-BA91-CE3A13268432}.Release|Any CPU.ActiveCfg = Release|Any CPU
		{5E1E5956-2AC0-4134-BA91-CE3A13268432}.Release|Any CPU.Build.0 = Release|Any CPU
		{E7A4FA3E-6106-470C-99A6-B59C8340F7DB}.Debug|Any CPU.ActiveCfg = Debug|Any CPU
		{E7A4FA3E-6106-470C-99A6-B59C8340F7DB}.Debug|Any CPU.Build.0 = Debug|Any CPU
		{E7A4FA3E-6106-470C-99A6-B59C8340F7DB}.Release|Any CPU.ActiveCfg = Release|Any CPU
		{E7A4FA3E-6106-470C-99A6-B59C8340F7DB}.Release|Any CPU.Build.0 = Release|Any CPU
	EndGlobalSection
	GlobalSection(SolutionProperties) = preSolution
		HideSolutionNode = FALSE
	EndGlobalSection
EndGlobal
