
Microsoft Visual Studio Solution File, Format Version 11.00
# Visual Studio 2010
Project("{FAE04EC0-301F-11D3-BF4B-00C04F79EFBC}") = "vs2010-amqp", "vs2010-amqp.csproj", "{5E1E5956-2AC0-4134-BA91-CE3A13268432}"
EndProject
Project("{FAE04EC0-301F-11D3-BF4B-00C04F79EFBC}") = "vs2010-amqp-test", "vs2010-amqp-test.csproj", "{E7A4FA3E-6106-470C-99A6-B59C8340F7DB}"
EndProject
Project("{FAE04EC0-301F-11D3-BF4B-00C04F79EFBC}") = "vs2010-HelloWorld", "vs2010-HelloWorld.csproj", "{AC7C231F-0539-4612-A521-27CD9E00352B}"
EndProject
Global
	GlobalSection(SolutionConfigurationPlatforms) = preSolution
		Debug|x86 = Debug|x86
		Release|x86 = Release|x86
	EndGlobalSection
	GlobalSection(ProjectConfigurationPlatforms) = postSolution
		{5E1E5956-2AC0-4134-BA91-CE3A13268432}.Debug|x86.ActiveCfg = Debug|x86
		{5E1E5956-2AC0-4134-BA91-CE3A13268432}.Debug|x86.Build.0 = Debug|x86
		{5E1E5956-2AC0-4134-BA91-CE3A13268432}.Release|x86.ActiveCfg = Release|x86
		{5E1E5956-2AC0-4134-BA91-CE3A13268432}.Release|x86.Build.0 = Release|x86
		{E7A4FA3E-6106-470C-99A6-B59C8340F7DB}.Debug|x86.ActiveCfg = Debug|x86
		{E7A4FA3E-6106-470C-99A6-B59C8340F7DB}.Debug|x86.Build.0 = Debug|x86
		{E7A4FA3E-6106-470C-99A6-B59C8340F7DB}.Release|x86.ActiveCfg = Release|x86
		{E7A4FA3E-6106-470C-99A6-B59C8340F7DB}.Release|x86.Build.0 = Release|x86
		{AC7C231F-0539-4612-A521-27CD9E00352B}.Debug|x86.ActiveCfg = Debug|x86
		{AC7C231F-0539-4612-A521-27CD9E00352B}.Debug|x86.Build.0 = Debug|x86
		{AC7C231F-0539-4612-A521-27CD9E00352B}.Release|x86.ActiveCfg = Release|x86
		{AC7C231F-0539-4612-A521-27CD9E00352B}.Release|x86.Build.0 = Release|x86
	EndGlobalSection
	GlobalSection(SolutionProperties) = preSolution
		HideSolutionNode = FALSE
	EndGlobalSection
EndGlobal
